
Microsoft Visual Studio Solution File, Format Version 12.00
# Visual Studio Version 16
VisualStudioVersion = 16.0.31005.135
MinimumVisualStudioVersion = 10.0.40219.1
Project("{FAE04EC0-301F-11D3-BF4B-00C04F79EFBC}") = "Demo", "Demo\Demo.csproj", "{26439BDD-D252-4E3A-870C-11C517C4EA67}"
EndProject
Global
	GlobalSection(SolutionConfigurationPlatforms) = preSolution
		Debug|Any CPU = Debug|Any CPU
		Release|Any CPU = Release|Any CPU
	EndGlobalSection
	GlobalSection(ProjectConfigurationPlatforms) = postSolution
		{26439BDD-D252-4E3A-870C-11C517C4EA67}.Debug|Any CPU.ActiveCfg = Debug|Any CPU
		{26439BDD-D252-4E3A-870C-11C517C4EA67}.Debug|Any CPU.Build.0 = Debug|Any CPU
		{26439BDD-D252-4E3A-870C-11C517C4EA67}.Release|Any CPU.ActiveCfg = Release|Any CPU
		{26439BDD-D252-4E3A-870C-11C517C4EA67}.Release|Any CPU.Build.0 = Release|Any CPU
	EndGlobalSection
	GlobalSection(SolutionProperties) = preSolution
		HideSolutionNode = FALSE
	EndGlobalSection
	GlobalSection(ExtensibilityGlobals) = postSolution
		SolutionGuid = {04F36C6A-387E-48B6-9FCC-7E9C08F890E9}
	EndGlobalSection
EndGlobal
